{
    "_meta": {
        "hash": {
            "sha256": "7251b297571a13f6d6e5397649bbf5792482f524d0a1f5d7c6f603e2f933e3ac"
        },
        "pipfile-spec": 6,
        "requires": {
            "python_version": "3.8"
        },
        "sources": [
            {
                "name": "pypi",
                "url": "https://pypi.org/simple",
                "verify_ssl": true
            }
        ]
    },
    "default": {
        "asgiref": {
            "hashes": [
                "sha256:71e68008da809b957b7ee4b43dbccff33d1b23519fb8344e33f049897077afac",
                "sha256:9567dfe7bd8d3c8c892227827c41cce860b368104c3431da67a0c5a65a949506"
            ],
            "markers": "python_version >= '3.7'",
            "version": "==3.6.0"
        },
        "backports.zoneinfo": {
            "hashes": [
                "sha256:17746bd546106fa389c51dbea67c8b7c8f0d14b5526a579ca6ccf5ed72c526cf",
                "sha256:1b13e654a55cd45672cb54ed12148cd33628f672548f373963b0bff67b217328",
                "sha256:1c5742112073a563c81f786e77514969acb58649bcdf6cdf0b4ed31a348d4546",
                "sha256:4a0f800587060bf8880f954dbef70de6c11bbe59c673c3d818921f042f9954a6",
                "sha256:5c144945a7752ca544b4b78c8c41544cdfaf9786f25fe5ffb10e838e19a27570",
                "sha256:7b0a64cda4145548fed9efc10322770f929b944ce5cee6c0dfe0c87bf4c0c8c9",
                "sha256:8439c030a11780786a2002261569bdf362264f605dfa4d65090b64b05c9f79a7",
                "sha256:8961c0f32cd0336fb8e8ead11a1f8cd99ec07145ec2931122faaac1c8f7fd987",
                "sha256:89a48c0d158a3cc3f654da4c2de1ceba85263fafb861b98b59040a5086259722",
                "sha256:a76b38c52400b762e48131494ba26be363491ac4f9a04c1b7e92483d169f6582",
                "sha256:da6013fd84a690242c310d77ddb8441a559e9cb3d3d59ebac9aca1a57b2e18bc",
                "sha256:e55b384612d93be96506932a786bbcde5a2db7a9e6a4bb4bffe8b733f5b9036b",
                "sha256:e81b76cace8eda1fca50e345242ba977f9be6ae3945af8d46326d776b4cf78d1",
                "sha256:e8236383a20872c0cdf5a62b554b27538db7fa1bbec52429d8d106effbaeca08",
                "sha256:f04e857b59d9d1ccc39ce2da1021d196e47234873820cbeaad210724b1ee28ac",
                "sha256:fadbfe37f74051d024037f223b8e001611eac868b5c5b06144ef4d8b799862f2"
            ],
            "markers": "python_version < '3.9'",
            "version": "==0.2.1"
        },
        "cython": {
            "hashes": [
                "sha256:0168482495b75fea1c97a9641a95bac991f313e85f378003f9a4909fdeb3d454",
                "sha256:0455d5b92f461218bcf173a149a88b7396c3a109066274ccab5eff58db0eae32",
                "sha256:060a2568ef80116a0a9dcaf3218a61c6007be0e0b77c5752c094ce5187a4d63c",
                "sha256:090556e41f2b30427dd3a1628d3613177083f47567a30148b6b7b8c7a5862187",
                "sha256:0b53e017522feb8dcc2189cf1d2d344bab473c5bba5234390b5666d822992c7c",
                "sha256:1900d862a4a537d2125706740e9f3b016e80f7bbf7b54db6b3cc3d0bdf0f5c3a",
                "sha256:190e60b7505d3b9b60130bcc2251c01b9ef52603420829c19d3c3ede4ac2763a",
                "sha256:19c9913e9304bf97f1d2c357438895466f99aa2707d3c7a5e9de60c259e1ca1d",
                "sha256:1b507236ba3ca94170ce0a504dd03acf77307d4bfbc5a010a8031673f6b213a9",
                "sha256:1ca93bbe584aee92094fd4fb6acc5cb6500acf98d4f57cc59244f0a598b0fcf6",
                "sha256:1dd503408924723b0bb10c0013b76e324eeee42db6deced9b02b648f1415d94c",
                "sha256:286cdfb193e23799e113b7bd5ac74f58da5e9a77c70e3b645b078836b896b165",
                "sha256:37bfca4f9f26361343d8c678f8178321e4ae5b919523eed05d2cd8ddbe6b06ec",
                "sha256:49fb45b2bf12d6e2060bbd64506c06ac90e254f3a4bceb32c717f4964a1ae812",
                "sha256:4cadf5250eda0c5cdaf4c3a29b52be3e0695f4a2bf1ccd49b638d239752ea513",
                "sha256:4f88c2dc0653eef6468848eb8022faf64115b39734f750a1c01a7ba7eb04d89f",
                "sha256:5040764c4a4d2ce964a395da24f0d1ae58144995dab92c6b96f44c3f4d72286a",
                "sha256:5430f38d3d01c4715ec2aef5c41e02a2441c1c3a0149359c7a498e4c605b8e6c",
                "sha256:581efc0622a9be05714222f2b4ac96a5419de58d5949517282d8df38155c8b9d",
                "sha256:5bf5ffd96957a595441cca2fc78470d93fdc40dfe5449881b812ea6045d7e9be",
                "sha256:6b4e6481e3e7e4d345640fe2fdc6dc57c94369b467f3dc280949daa8e9fd13b9",
                "sha256:6b8bcbf8f1c3c46d6184be1e559e3a3fb8cdf27c6d507d8bc8ae04cfcbfd75f5",
                "sha256:8507279a4f86ed8365b96603d5ad155888d4d01b72a9bbf0615880feda5a11d4",
                "sha256:8b99252bde8ff51cd06a3fe4aeacd3af9b4ff4a4e6b701ac71bddc54f5da61d6",
                "sha256:959f0092d58e7fa00fd3434f7ff32fb78be7c2fa9f8e0096326343159477fe45",
                "sha256:a9863f8238642c0b1ef8069d99da5ade03bfe2225a64b00c5ae006d95f142a73",
                "sha256:a9b0b890656e9d18a18e1efe26ea3d2d0f3e525a07a2a853592b0afc56a15c89",
                "sha256:afc9b6ab20889676c76e700ae6967aa6886a7efe5b05ef6d5b744a6ca793cc43",
                "sha256:b5e8ce3039ff64000d58cd45b3f6f83e13f032dde7f27bb1ab96070d9213550b",
                "sha256:b67ddd32eaa2932a66bf8121accc36a7b3078593805519b0f00040f2b10a6a52",
                "sha256:bcb1a84fd2bd7885d572adc180e24fd8a7d4b0c104c144e33ccf84a1ab4eb2b8",
                "sha256:c4d315443c7f4c61180b6c3ea9a9717ee7c901cc9db8d1d46fdf6556613840ed",
                "sha256:d2019a7e54ba8b253f44411863b8f8c0b6cd623f7a92dc0ccb83892358c4283a",
                "sha256:d4457d417ffbb94abc42adcd63a03b24ff39cf090f3e9eca5e10cfb90766cbe3",
                "sha256:d78147ad8a3417ae6b371bbc5bfc6512f6ad4ad3fb71f5eef42e136e4ed14970",
                "sha256:da490129e1e4ffaf3f88bfb46d338549a2150f60f809a63d385b83e00960d11a",
                "sha256:dd96b06b93c0e5fa4fc526c5be37c13a93e2fe7c372b5f358277ebe9e1620957",
                "sha256:e8922fa3d7e76b7186bbd0810e170ca61f83661ab1b29dc75e88ff2327aaf49d",
                "sha256:f271f90005064c49b47a93f456dc6cf0a21d21ef835bd33ac1e0db10ad51f84f",
                "sha256:f67b7306fd00d55f271009335cecadc506d144205c7891070aad889928d85750"
            ],
            "index": "pypi",
            "version": "==0.29.33"
        },
        "django": {
            "hashes": [
                "sha256:4b214a05fe4c99476e99e2445c8b978c8369c18d4dea8e22ec412862715ad763",
                "sha256:ff56ebd7ead0fd5dbe06fe157b0024a7aaea2e0593bb3785fb594cf94dad58ef"
            ],
            "index": "pypi",
            "version": "==4.1.5"
        },
        "django-cors-headers": {
            "hashes": [
                "sha256:37e42883b5f1f2295df6b4bba96eb2417a14a03270cb24b2a07f021cd4487cf4",
                "sha256:f9dc6b4e3f611c3199700b3e5f3398c28757dcd559c2f82932687f3d0443cfdf"
            ],
            "index": "pypi",
            "version": "==3.13.0"
        },
        "djangorestframework": {
            "hashes": [
                "sha256:579a333e6256b09489cbe0a067e66abe55c6595d8926be6b99423786334350c8",
                "sha256:eb63f58c9f218e1a7d064d17a70751f528ed4e1d35547fdade9aaf4cd103fd08"
            ],
            "index": "pypi",
            "version": "==3.14.0"
        },
        "pytz": {
            "hashes": [
                "sha256:7ccfae7b4b2c067464a6733c6261673fdb8fd1be905460396b97a073e9fa683a",
                "sha256:93007def75ae22f7cd991c84e02d434876818661f8df9ad5df9e950ff4e52cfd"
            ],
            "version": "==2022.7"
        },
        "setuptools": {
            "hashes": [
                "sha256:4d3c92fac8f1118bb77a22181355e29c239cabfe2b9effdaa665c66b711136d7",
                "sha256:8ab4f1dbf2b4a65f7eec5ad0c620e84c34111a68d3349833494b9088212214dd"
            ],
            "index": "pypi",
            "version": "==65.7.0"
        },
        "sqlparse": {
            "hashes": [
                "sha256:0323c0ec29cd52bceabc1b4d9d579e311f3e4961b98d174201d5622a23b85e34",
                "sha256:69ca804846bb114d2ec380e4360a8a340db83f0ccf3afceeb1404df028f57268"
            ],
            "markers": "python_version >= '3.5'",
            "version": "==0.4.3"
        },
        "tzdata": {
            "hashes": [
                "sha256:2b88858b0e3120792a3c0635c23daf36a7d7eeeca657c323da299d2094402a0d",
                "sha256:fe5f866eddd8b96e9fcba978f8e503c909b19ea7efda11e52e39494bad3a7bfa"
            ],
            "markers": "sys_platform == 'win32'",
            "version": "==2022.7"
        }
    },
    "develop": {}
}
